
Microsoft Visual Studio Solution File, Format Version 12.00
# Visual Studio Version 17
VisualStudioVersion = 17.7.34221.43
MinimumVisualStudioVersion = 10.0.40219.1
Project("{FAE04EC0-301F-11D3-BF4B-00C04F79EFBC}") = "ZZTDotNetCore.ConsoleApp", "ZZTDotNetCore.ConsoleApp\ZZTDotNetCore.ConsoleApp.csproj", "{44537E2C-AAD6-4ECC-88A4-2869B26A7402}"
EndProject
Global
	GlobalSection(SolutionConfigurationPlatforms) = preSolution
		Debug|Any CPU = Debug|Any CPU
		Release|Any CPU = Release|Any CPU
	EndGlobalSection
	GlobalSection(ProjectConfigurationPlatforms) = postSolution
		{44537E2C-AAD6-4ECC-88A4-2869B26A7402}.Debug|Any CPU.ActiveCfg = Debug|Any CPU
		{44537E2C-AAD6-4ECC-88A4-2869B26A7402}.Debug|Any CPU.Build.0 = Debug|Any CPU
		{44537E2C-AAD6-4ECC-88A4-2869B26A7402}.Release|Any CPU.ActiveCfg = Release|Any CPU
		{44537E2C-AAD6-4ECC-88A4-2869B26A7402}.Release|Any CPU.Build.0 = Release|Any CPU
	EndGlobalSection
	GlobalSection(SolutionProperties) = preSolution
		HideSolutionNode = FALSE
	EndGlobalSection
	GlobalSection(ExtensibilityGlobals) = postSolution
		SolutionGuid = {83EFE67A-7BB7-420F-9273-2C36E7926D95}
	EndGlobalSection
EndGlobal
